Microsoft Visual Studio Solution File, Format Version 12.00
# Visual Studio Version 17
VisualStudioVersion = 17.5.2.0
MinimumVisualStudioVersion = 10.0.40219.1
Project("{FAE04EC0-301F-11D3-BF4B-00C04F79EFBC}") = "R3M.Financas.Back.Api", "R3M.Financas.Back.Api\R3M.Financas.Back.Api.csproj", "{9F07484A-88AB-95D2-4AAD-AB013690BF82}"
EndProject
Project("{2150E333-8FDC-42A3-9474-1A3956D46DE8}") = "tests", "tests", "{02EA681E-C7D8-13C7-8484-4AC65E1B71E8}"
EndProject
Project("{FAE04EC0-301F-11D3-BF4B-00C04F79EFBC}") = "R3M.Financas.Back.Api.UnitTests", "R3M.Financas.Back.Api.UnitTests\R3M.Financas.Back.Api.UnitTests.csproj", "{8B7073A9-5EE5-40C7-B09F-0BA3F98CE67C}"
EndProject
Project("{FAE04EC0-301F-11D3-BF4B-00C04F79EFBC}") = "R3M.Financas.Back.Api.IntegrationTests", "R3M.Financas.Back.Api.IntegrationTests\R3M.Financas.Back.Api.IntegrationTests.csproj", "{042AAE21-282F-4B98-AAE6-D1A40A269C2D}"
EndProject
Project("{FAE04EC0-301F-11D3-BF4B-00C04F79EFBC}") = "R3M.Financas.Back.Domain", "R3M.Financas.Back.Domain\R3M.Financas.Back.Domain.csproj", "{9CB2307A-BA5F-4B68-BAF4-5486F6AFD042}"
EndProject
Project("{FAE04EC0-301F-11D3-BF4B-00C04F79EFBC}") = "R3M.Financas.Back.Repository", "R3M.Financas.Back.Repository\R3M.Financas.Back.Repository.csproj", "{29A37909-850C-4DDA-A117-FC8FA5119B49}"
EndProject
Project("{FAE04EC0-301F-11D3-BF4B-00C04F79EFBC}") = "R3M.Financas.Back.Application", "R3M.Financas.Back.Application\R3M.Financas.Back.Application.csproj", "{4B635A26-342B-4214-A543-3BCE04DD2724}"
EndProject
Global
	GlobalSection(SolutionConfigurationPlatforms) = preSolution
		Debug|Any CPU = Debug|Any CPU
		Release|Any CPU = Release|Any CPU
	EndGlobalSection
	GlobalSection(ProjectConfigurationPlatforms) = postSolution
		{9F07484A-88AB-95D2-4AAD-AB013690BF82}.Debug|Any CPU.ActiveCfg = Debug|Any CPU
		{9F07484A-88AB-95D2-4AAD-AB013690BF82}.Debug|Any CPU.Build.0 = Debug|Any CPU
		{9F07484A-88AB-95D2-4AAD-AB013690BF82}.Release|Any CPU.ActiveCfg = Release|Any CPU
		{9F07484A-88AB-95D2-4AAD-AB013690BF82}.Release|Any CPU.Build.0 = Release|Any CPU
		{8B7073A9-5EE5-40C7-B09F-0BA3F98CE67C}.Debug|Any CPU.ActiveCfg = Debug|Any CPU
		{8B7073A9-5EE5-40C7-B09F-0BA3F98CE67C}.Debug|Any CPU.Build.0 = Debug|Any CPU
		{8B7073A9-5EE5-40C7-B09F-0BA3F98CE67C}.Release|Any CPU.ActiveCfg = Release|Any CPU
		{8B7073A9-5EE5-40C7-B09F-0BA3F98CE67C}.Release|Any CPU.Build.0 = Release|Any CPU
		{042AAE21-282F-4B98-AAE6-D1A40A269C2D}.Debug|Any CPU.ActiveCfg = Debug|Any CPU
		{042AAE21-282F-4B98-AAE6-D1A40A269C2D}.Debug|Any CPU.Build.0 = Debug|Any CPU
		{042AAE21-282F-4B98-AAE6-D1A40A269C2D}.Release|Any CPU.ActiveCfg = Release|Any CPU
		{042AAE21-282F-4B98-AAE6-D1A40A269C2D}.Release|Any CPU.Build.0 = Release|Any CPU
		{9CB2307A-BA5F-4B68-BAF4-5486F6AFD042}.Debug|Any CPU.ActiveCfg = Debug|Any CPU
		{9CB2307A-BA5F-4B68-BAF4-5486F6AFD042}.Debug|Any CPU.Build.0 = Debug|Any CPU
		{9CB2307A-BA5F-4B68-BAF4-5486F6AFD042}.Release|Any CPU.ActiveCfg = Release|Any CPU
		{9CB2307A-BA5F-4B68-BAF4-5486F6AFD042}.Release|Any CPU.Build.0 = Release|Any CPU
		{29A37909-850C-4DDA-A117-FC8FA5119B49}.Debug|Any CPU.ActiveCfg = Debug|Any CPU
		{29A37909-850C-4DDA-A117-FC8FA5119B49}.Debug|Any CPU.Build.0 = Debug|Any CPU
		{29A37909-850C-4DDA-A117-FC8FA5119B49}.Release|Any CPU.ActiveCfg = Release|Any CPU
		{29A37909-850C-4DDA-A117-FC8FA5119B49}.Release|Any CPU.Build.0 = Release|Any CPU
		{4B635A26-342B-4214-A543-3BCE04DD2724}.Debug|Any CPU.ActiveCfg = Debug|Any CPU
		{4B635A26-342B-4214-A543-3BCE04DD2724}.Debug|Any CPU.Build.0 = Debug|Any CPU
		{4B635A26-342B-4214-A543-3BCE04DD2724}.Release|Any CPU.ActiveCfg = Release|Any CPU
		{4B635A26-342B-4214-A543-3BCE04DD2724}.Release|Any CPU.Build.0 = Release|Any CPU
	EndGlobalSection
	GlobalSection(SolutionProperties) = preSolution
		HideSolutionNode = FALSE
	EndGlobalSection
	GlobalSection(NestedProjects) = preSolution
		{8B7073A9-5EE5-40C7-B09F-0BA3F98CE67C} = {02EA681E-C7D8-13C7-8484-4AC65E1B71E8}
		{042AAE21-282F-4B98-AAE6-D1A40A269C2D} = {02EA681E-C7D8-13C7-8484-4AC65E1B71E8}
	EndGlobalSection
	GlobalSection(ExtensibilityGlobals) = postSolution
		SolutionGuid = {9951671B-118C-4205-BB0D-4AA7E7331C85}
	EndGlobalSection
EndGlobal
